
Microsoft Visual Studio Solution File, Format Version 12.00
# Visual Studio Version 17
VisualStudioVersion = 17.0.31903.59
MinimumVisualStudioVersion = 10.0.40219.1
Project("{9A19103F-16F7-4668-BE54-9A1E7A4F7556}") = "delegatePractice", "delegatePractice.csproj", "{AC5581AB-01DF-4D51-90B4-3164A38631BE}"
EndProject
Project("{FAE04EC0-301F-11D3-BF4B-00C04F79EFBC}") = "WebAppExpressions", "..\WebAppExpressions\WebAppExpressions.csproj", "{9F314445-6159-419B-BF65-65C18F5136F3}"
EndProject
Global
	GlobalSection(SolutionConfigurationPlatforms) = preSolution
		Debug|Any CPU = Debug|Any CPU
		Release|Any CPU = Release|Any CPU
	EndGlobalSection
	GlobalSection(ProjectConfigurationPlatforms) = postSolution
		{AC5581AB-01DF-4D51-90B4-3164A38631BE}.Debug|Any CPU.ActiveCfg = Debug|Any CPU
		{AC5581AB-01DF-4D51-90B4-3164A38631BE}.Debug|Any CPU.Build.0 = Debug|Any CPU
		{AC5581AB-01DF-4D51-90B4-3164A38631BE}.Release|Any CPU.ActiveCfg = Release|Any CPU
		{AC5581AB-01DF-4D51-90B4-3164A38631BE}.Release|Any CPU.Build.0 = Release|Any CPU
		{9F314445-6159-419B-BF65-65C18F5136F3}.Debug|Any CPU.ActiveCfg = Debug|Any CPU
		{9F314445-6159-419B-BF65-65C18F5136F3}.Debug|Any CPU.Build.0 = Debug|Any CPU
		{9F314445-6159-419B-BF65-65C18F5136F3}.Release|Any CPU.ActiveCfg = Release|Any CPU
		{9F314445-6159-419B-BF65-65C18F5136F3}.Release|Any CPU.Build.0 = Release|Any CPU
	EndGlobalSection
	GlobalSection(SolutionProperties) = preSolution
		HideSolutionNode = FALSE
	EndGlobalSection
	GlobalSection(ExtensibilityGlobals) = postSolution
		SolutionGuid = {2A3EAF93-1C94-412F-A188-1A12CAEC10F3}
	EndGlobalSection
EndGlobal
